PODS:
  - AppAuth (1.6.2):
    - AppAuth/Core (= 1.6.2)
    - AppAuth/ExternalUserAgent (= 1.6.2)
  - AppAuth/Core (1.6.2)
  - AppAuth/ExternalUserAgent (1.6.2):
    - AppAuth/Core
  - boost (1.76.0)
  - BVLinearGradient (2.6.2):
    - React-Core
  - CocoaAsyncSocket (7.6.5)
  - DoubleConversion (1.1.6)
  - FBLazyVector (0.72.4)
  - FBReactNativeSpec (0.72.4):
    - RCT-Folly (= 2021.07.22.00)
    - RCTRequired (= 0.72.4)
    - RCTTypeSafety (= 0.72.4)
    - React-Core (= 0.72.4)
    - React-jsi (= 0.72.4)
    - ReactCommon/turbomodule/core (= 0.72.4)
  - Firebase (10.10.0):
    - Firebase/Core (= 10.10.0)
  - Firebase/Analytics (10.10.0):
    - Firebase/Core
  - Firebase/Auth (10.10.0):
    - Firebase/CoreOnly
    - FirebaseAuth (~> 10.10.0)
  - Firebase/Core (10.10.0):
    - Firebase/CoreOnly
    - FirebaseAnalytics (~> 10.10.0)
  - Firebase/CoreOnly (10.10.0):
    - FirebaseCore (= 10.10.0)
  - Firebase/Crashlytics (10.10.0):
    - Firebase/CoreOnly
    - FirebaseCrashlytics (~> 10.10.0)
  - Firebase/Messaging (10.10.0):
    - Firebase/CoreOnly
    - FirebaseMessaging (~> 10.10.0)
  - FirebaseAnalytics (10.10.0):
    - FirebaseAnalytics/AdIdSupport (= 10.10.0)
    - FirebaseCore (~> 10.0)
    - FirebaseInstallations (~> 10.0)
    - GoogleUtilities/AppDelegateSwizzler (~> 7.11)
    - GoogleUtilities/MethodSwizzler (~> 7.11)
    - GoogleUtilities/Network (~> 7.11)
    - "GoogleUtilities/NSData+zlib (~> 7.11)"
    - nanopb (< 2.30910.0, >= 2.30908.0)
  - FirebaseAnalytics/AdIdSupport (10.10.0):
    - FirebaseCore (~> 10.0)
    - FirebaseInstallations (~> 10.0)
    - GoogleAppMeasurement (= 10.10.0)
    - GoogleUtilities/AppDelegateSwizzler (~> 7.11)
    - GoogleUtilities/MethodSwizzler (~> 7.11)
    - GoogleUtilities/Network (~> 7.11)
    - "GoogleUtilities/NSData+zlib (~> 7.11)"
    - nanopb (< 2.30910.0, >= 2.30908.0)
  - FirebaseAppCheckInterop (10.20.0)
  - FirebaseAuth (10.10.0):
    - FirebaseAppCheckInterop (~> 10.0)
    - FirebaseCore (~> 10.0)
    - GoogleUtilities/AppDelegateSwizzler (~> 7.8)
    - GoogleUtilities/Environment (~> 7.8)
    - GTMSessionFetcher/Core (< 4.0, >= 2.1)
  - FirebaseCore (10.10.0):
    - FirebaseCoreInternal (~> 10.0)
    - GoogleUtilities/Environment (~> 7.8)
    - GoogleUtilities/Logger (~> 7.8)
  - FirebaseCoreExtension (10.10.0):
    - FirebaseCore (~> 10.0)
  - FirebaseCoreInternal (10.20.0):
    - "GoogleUtilities/NSData+zlib (~> 7.8)"
  - FirebaseCrashlytics (10.10.0):
    - FirebaseCore (~> 10.5)
    - FirebaseInstallations (~> 10.0)
    - FirebaseSessions (~> 10.5)
    - GoogleDataTransport (~> 9.2)
    - GoogleUtilities/Environment (~> 7.8)
    - nanopb (< 2.30910.0, >= 2.30908.0)
    - PromisesObjC (~> 2.1)
  - FirebaseInstallations (10.20.0):
    - FirebaseCore (~> 10.0)
    - GoogleUtilities/Environment (~> 7.8)
    - GoogleUtilities/UserDefaults (~> 7.8)
    - PromisesObjC (~> 2.1)
  - FirebaseMessaging (10.10.0):
    - FirebaseCore (~> 10.0)
    - FirebaseInstallations (~> 10.0)
    - GoogleDataTransport (~> 9.2)
    - GoogleUtilities/AppDelegateSwizzler (~> 7.8)
    - GoogleUtilities/Environment (~> 7.8)
    - GoogleUtilities/Reachability (~> 7.8)
    - GoogleUtilities/UserDefaults (~> 7.8)
    - nanopb (< 2.30910.0, >= 2.30908.0)
  - FirebaseSessions (10.20.0):
    - FirebaseCore (~> 10.5)
    - FirebaseCoreExtension (~> 10.0)
    - FirebaseInstallations (~> 10.0)
    - GoogleDataTransport (~> 9.2)
    - GoogleUtilities/Environment (~> 7.10)
    - nanopb (< 2.30910.0, >= 2.30908.0)
    - PromisesSwift (~> 2.1)
  - Flipper (0.182.0):
    - Flipper-Folly (~> 2.6)
  - Flipper-Boost-iOSX (1.76.0.1.11)
  - Flipper-DoubleConversion (3.2.0.1)
  - Flipper-Fmt (7.1.7)
  - Flipper-Folly (2.6.10):
    - Flipper-Boost-iOSX
    - Flipper-DoubleConversion
    - Flipper-Fmt (= 7.1.7)
    - Flipper-Glog
    - libevent (~> 2.1.12)
    - OpenSSL-Universal (= 1.1.1100)
  - Flipper-Glog (0.5.0.5)
  - Flipper-PeerTalk (0.0.4)
  - FlipperKit (0.182.0):
    - FlipperKit/Core (= 0.182.0)
  - FlipperKit/Core (0.182.0):
    - Flipper (~> 0.182.0)
    - FlipperKit/CppBridge
    - FlipperKit/FBCxxFollyDynamicConvert
    - FlipperKit/FBDefines
    - FlipperKit/FKPortForwarding
    - SocketRocket (~> 0.6.0)
  - FlipperKit/CppBridge (0.182.0):
    - Flipper (~> 0.182.0)
  - FlipperKit/FBCxxFollyDynamicConvert (0.182.0):
    - Flipper-Folly (~> 2.6)
  - FlipperKit/FBDefines (0.182.0)
  - FlipperKit/FKPortForwarding (0.182.0):
    - CocoaAsyncSocket (~> 7.6)
    - Flipper-PeerTalk (~> 0.0.4)
  - FlipperKit/FlipperKitHighlightOverlay (0.182.0)
  - FlipperKit/FlipperKitLayoutHelpers (0.182.0):
    - FlipperKit/Core
    - FlipperKit/FlipperKitHighlightOverlay
    - FlipperKit/FlipperKitLayoutTextSearchable
  - FlipperKit/FlipperKitLayoutIOSDescriptors (0.182.0):
    - FlipperKit/Core
    - FlipperKit/FlipperKitHighlightOverlay
    - FlipperKit/FlipperKitLayoutHelpers
    - YogaKit (~> 1.18)
  - FlipperKit/FlipperKitLayoutPlugin (0.182.0):
    - FlipperKit/Core
    - FlipperKit/FlipperKitHighlightOverlay
    - FlipperKit/FlipperKitLayoutHelpers
    - FlipperKit/FlipperKitLayoutIOSDescriptors
    - FlipperKit/FlipperKitLayoutTextSearchable
    - YogaKit (~> 1.18)
  - FlipperKit/FlipperKitLayoutTextSearchable (0.182.0)
  - FlipperKit/FlipperKitNetworkPlugin (0.182.0):
    - FlipperKit/Core
  - FlipperKit/FlipperKitReactPlugin (0.182.0):
    - FlipperKit/Core
  - FlipperKit/FlipperKitUserDefaultsPlugin (0.182.0):
    - FlipperKit/Core
  - FlipperKit/SKIOSNetworkPlugin (0.182.0):
    - FlipperKit/Core
    - FlipperKit/FlipperKitNetworkPlugin
  - fmt (6.2.1)
  - glog (0.3.5)
  - Google-Maps-iOS-Utils (4.1.0):
    - Google-Maps-iOS-Utils/Clustering (= 4.1.0)
    - Google-Maps-iOS-Utils/Geometry (= 4.1.0)
    - Google-Maps-iOS-Utils/GeometryUtils (= 4.1.0)
    - Google-Maps-iOS-Utils/Heatmap (= 4.1.0)
    - Google-Maps-iOS-Utils/QuadTree (= 4.1.0)
    - GoogleMaps
  - Google-Maps-iOS-Utils/Clustering (4.1.0):
    - Google-Maps-iOS-Utils/QuadTree
    - GoogleMaps
  - Google-Maps-iOS-Utils/Geometry (4.1.0):
    - GoogleMaps
  - Google-Maps-iOS-Utils/GeometryUtils (4.1.0):
    - GoogleMaps
  - Google-Maps-iOS-Utils/Heatmap (4.1.0):
    - Google-Maps-iOS-Utils/QuadTree
    - GoogleMaps
  - Google-Maps-iOS-Utils/QuadTree (4.1.0):
    - GoogleMaps
  - GoogleAppMeasurement (10.10.0):
    - GoogleAppMeasurement/AdIdSupport (= 10.10.0)
    - GoogleUtilities/AppDelegateSwizzler (~> 7.11)
    - GoogleUtilities/MethodSwizzler (~> 7.11)
    - GoogleUtilities/Network (~> 7.11)
    - "GoogleUtilities/NSData+zlib (~> 7.11)"
    - nanopb (< 2.30910.0, >= 2.30908.0)
  - GoogleAppMeasurement/AdIdSupport (10.10.0):
    - GoogleAppMeasurement/WithoutAdIdSupport (= 10.10.0)
    - GoogleUtilities/AppDelegateSwizzler (~> 7.11)
    - GoogleUtilities/MethodSwizzler (~> 7.11)
    - GoogleUtilities/Network (~> 7.11)
    - "GoogleUtilities/NSData+zlib (~> 7.11)"
    - nanopb (< 2.30910.0, >= 2.30908.0)
  - GoogleAppMeasurement/WithoutAdIdSupport (10.10.0):
    - GoogleUtilities/AppDelegateSwizzler (~> 7.11)
    - GoogleUtilities/MethodSwizzler (~> 7.11)
    - GoogleUtilities/Network (~> 7.11)
    - "GoogleUtilities/NSData+zlib (~> 7.11)"
    - nanopb (< 2.30910.0, >= 2.30908.0)
  - GoogleDataTransport (9.3.0):
    - GoogleUtilities/Environment (~> 7.7)
    - nanopb (< 2.30910.0, >= 2.30908.0)
    - PromisesObjC (< 3.0, >= 1.2)
  - GoogleMaps (7.4.0):
    - GoogleMaps/Maps (= 7.4.0)
  - GoogleMaps/Base (7.4.0)
  - GoogleMaps/Maps (7.4.0):
    - GoogleMaps/Base
  - GoogleSignIn (7.0.0):
    - AppAuth (~> 1.5)
    - GTMAppAuth (< 3.0, >= 1.3)
    - GTMSessionFetcher/Core (< 4.0, >= 1.1)
  - GoogleUtilities (7.12.0):
    - GoogleUtilities/AppDelegateSwizzler (= 7.12.0)
    - GoogleUtilities/Environment (= 7.12.0)
    - GoogleUtilities/ISASwizzler (= 7.12.0)
    - GoogleUtilities/Logger (= 7.12.0)
    - GoogleUtilities/MethodSwizzler (= 7.12.0)
    - GoogleUtilities/Network (= 7.12.0)
    - "GoogleUtilities/NSData+zlib (= 7.12.0)"
    - GoogleUtilities/Reachability (= 7.12.0)
    - GoogleUtilities/SwizzlerTestHelpers (= 7.12.0)
    - GoogleUtilities/UserDefaults (= 7.12.0)
  - GoogleUtilities/AppDelegateSwizzler (7.12.0):
    - GoogleUtilities/Environment
    - GoogleUtilities/Logger
    - GoogleUtilities/Network
  - GoogleUtilities/Environment (7.12.0):
    - PromisesObjC (< 3.0, >= 1.2)
  - GoogleUtilities/ISASwizzler (7.12.0)
  - GoogleUtilities/Logger (7.12.0):
    - GoogleUtilities/Environment
  - GoogleUtilities/MethodSwizzler (7.12.0):
    - GoogleUtilities/Logger
  - GoogleUtilities/Network (7.12.0):
    - GoogleUtilities/Logger
    - "GoogleUtilities/NSData+zlib"
    - GoogleUtilities/Reachability
  - "GoogleUtilities/NSData+zlib (7.12.0)"
  - GoogleUtilities/Reachability (7.12.0):
    - GoogleUtilities/Logger
  - GoogleUtilities/SwizzlerTestHelpers (7.12.0):
    - GoogleUtilities/MethodSwizzler
  - GoogleUtilities/UserDefaults (7.12.0):
    - GoogleUtilities/Logger
  - GTMAppAuth (2.0.0):
    - AppAuth/Core (~> 1.6)
    - GTMSessionFetcher/Core (< 4.0, >= 1.5)
  - GTMSessionFetcher/Core (3.2.0)
  - libevent (2.1.12)
  - LogRocket (1.27.3)
  - logrocket-react-native (1.27.3):
    - LogRocket (= 1.27.3)
    - React
  - lottie-ios (4.2.0)
  - lottie-react-native (6.2.0):
    - lottie-ios (~> 4.2.0)
    - React-Core
  - nanopb (2.30909.1):
    - nanopb/decode (= 2.30909.1)
    - nanopb/encode (= 2.30909.1)
  - nanopb/decode (2.30909.1)
  - nanopb/encode (2.30909.1)
  - OpenSSL-Universal (1.1.1100)
  - Permission-Camera (3.8.0):
    - RNPermissions
  - Permission-LocationAccuracy (3.8.0):
    - RNPermissions
  - Permission-LocationAlways (3.8.0):
    - RNPermissions
  - Permission-LocationWhenInUse (3.8.0):
    - RNPermissions
  - Permission-MediaLibrary (3.8.0):
    - RNPermissions
  - Permission-Microphone (3.8.0):
    - RNPermissions
  - Permission-Notifications (3.8.0):
    - RNPermissions
  - Permission-PhotoLibrary (3.8.0):
    - RNPermissions
  - PromisesObjC (2.3.1)
  - PromisesSwift (2.3.1):
    - PromisesObjC (= 2.3.1)
  - RCT-Folly (2021.07.22.00):
    - boost
    - DoubleConversion
    - fmt (~> 6.2.1)
    - glog
    - RCT-Folly/Default (= 2021.07.22.00)
  - RCT-Folly/Default (2021.07.22.00):
    - boost
    - DoubleConversion
    - fmt (~> 6.2.1)
    - glog
  - RCTRequired (0.72.4)
  - RCTTypeSafety (0.72.4):
    - FBLazyVector (= 0.72.4)
    - RCTRequired (= 0.72.4)
    - React-Core (= 0.72.4)
  - React (0.72.4):
    - React-Core (= 0.72.4)
    - React-Core/DevSupport (= 0.72.4)
    - React-Core/RCTWebSocket (= 0.72.4)
    - React-RCTActionSheet (= 0.72.4)
    - React-RCTAnimation (= 0.72.4)
    - React-RCTBlob (= 0.72.4)
    - React-RCTImage (= 0.72.4)
    - React-RCTLinking (= 0.72.4)
    - React-RCTNetwork (= 0.72.4)
    - React-RCTSettings (= 0.72.4)
    - React-RCTText (= 0.72.4)
    - React-RCTVibration (= 0.72.4)
  - React-callinvoker (0.72.4)
  - React-Codegen (0.72.4):
    - DoubleConversion
    - FBReactNativeSpec
    - glog
    - RCT-Folly
    - RCTRequired
    - RCTTypeSafety
    - React-Core
    - React-jsc
    - React-jsi
    - React-jsiexecutor
    - React-NativeModulesApple
    - React-rncore
    - ReactCommon/turbomodule/bridging
    - ReactCommon/turbomodule/core
  - React-Core (0.72.4):
    - glog
    - RCT-Folly (= 2021.07.22.00)
    - React-Core/Default (= 0.72.4)
    - React-cxxreact
    - React-jsc
    - React-jsi
    - React-jsiexecutor
    - React-perflogger
    - React-runtimeexecutor
    - React-utils
    - SocketRocket (= 0.6.1)
    - Yoga
  - React-Core/CoreModulesHeaders (0.72.4):
    - glog
    - RCT-Folly (= 2021.07.22.00)
    - React-Core/Default
    - React-cxxreact
    - React-jsc
    - React-jsi
    - React-jsiexecutor
    - React-perflogger
    - React-runtimeexecutor
    - React-utils
    - SocketRocket (= 0.6.1)
    - Yoga
  - React-Core/Default (0.72.4):
    - glog
    - RCT-Folly (= 2021.07.22.00)
    - React-cxxreact
    - React-jsc
    - React-jsi
    - React-jsiexecutor
    - React-perflogger
    - React-runtimeexecutor
    - React-utils
    - SocketRocket (= 0.6.1)
    - Yoga
  - React-Core/DevSupport (0.72.4):
    - glog
    - RCT-Folly (= 2021.07.22.00)
    - React-Core/Default (= 0.72.4)
    - React-Core/RCTWebSocket (= 0.72.4)
    - React-cxxreact
    - React-jsc
    - React-jsi
    - React-jsiexecutor
    - React-jsinspector (= 0.72.4)
    - React-perflogger
    - React-runtimeexecutor
    - React-utils
    - SocketRocket (= 0.6.1)
    - Yoga
  - React-Core/RCTActionSheetHeaders (0.72.4):
    - glog
    - RCT-Folly (= 2021.07.22.00)
    - React-Core/Default
    - React-cxxreact
    - React-jsc
    - React-jsi
    - React-jsiexecutor
    - React-perflogger
    - React-runtimeexecutor
    - React-utils
    - SocketRocket (= 0.6.1)
    - Yoga
  - React-Core/RCTAnimationHeaders (0.72.4):
    - glog
    - RCT-Folly (= 2021.07.22.00)
    - React-Core/Default
    - React-cxxreact
    - React-jsc
    - React-jsi
    - React-jsiexecutor
    - React-perflogger
    - React-runtimeexecutor
    - React-utils
    - SocketRocket (= 0.6.1)
    - Yoga
  - React-Core/RCTBlobHeaders (0.72.4):
    - glog
    - RCT-Folly (= 2021.07.22.00)
    - React-Core/Default
    - React-cxxreact
    - React-jsc
    - React-jsi
    - React-jsiexecutor
    - React-perflogger
    - React-runtimeexecutor
    - React-utils
    - SocketRocket (= 0.6.1)
    - Yoga
  - React-Core/RCTImageHeaders (0.72.4):
    - glog
    - RCT-Folly (= 2021.07.22.00)
    - React-Core/Default
    - React-cxxreact
    - React-jsc
    - React-jsi
    - React-jsiexecutor
    - React-perflogger
    - React-runtimeexecutor
    - React-utils
    - SocketRocket (= 0.6.1)
    - Yoga
  - React-Core/RCTLinkingHeaders (0.72.4):
    - glog
    - RCT-Folly (= 2021.07.22.00)
    - React-Core/Default
    - React-cxxreact
    - React-jsc
    - React-jsi
    - React-jsiexecutor
    - React-perflogger
    - React-runtimeexecutor
    - React-utils
    - SocketRocket (= 0.6.1)
    - Yoga
  - React-Core/RCTNetworkHeaders (0.72.4):
    - glog
    - RCT-Folly (= 2021.07.22.00)
    - React-Core/Default
    - React-cxxreact
    - React-jsc
    - React-jsi
    - React-jsiexecutor
    - React-perflogger
    - React-runtimeexecutor
    - React-utils
    - SocketRocket (= 0.6.1)
    - Yoga
  - React-Core/RCTSettingsHeaders (0.72.4):
    - glog
    - RCT-Folly (= 2021.07.22.00)
    - React-Core/Default
    - React-cxxreact
    - React-jsc
    - React-jsi
    - React-jsiexecutor
    - React-perflogger
    - React-runtimeexecutor
    - React-utils
    - SocketRocket (= 0.6.1)
    - Yoga
  - React-Core/RCTTextHeaders (0.72.4):
    - glog
    - RCT-Folly (= 2021.07.22.00)
    - React-Core/Default
    - React-cxxreact
    - React-jsc
    - React-jsi
    - React-jsiexecutor
    - React-perflogger
    - React-runtimeexecutor
    - React-utils
    - SocketRocket (= 0.6.1)
    - Yoga
  - React-Core/RCTVibrationHeaders (0.72.4):
    - glog
    - RCT-Folly (= 2021.07.22.00)
    - React-Core/Default
    - React-cxxreact
    - React-jsc
    - React-jsi
    - React-jsiexecutor
    - React-perflogger
    - React-runtimeexecutor
    - React-utils
    - SocketRocket (= 0.6.1)
    - Yoga
  - React-Core/RCTWebSocket (0.72.4):
    - glog
    - RCT-Folly (= 2021.07.22.00)
    - React-Core/Default (= 0.72.4)
    - React-cxxreact
    - React-jsc
    - React-jsi
    - React-jsiexecutor
    - React-perflogger
    - React-runtimeexecutor
    - React-utils
    - SocketRocket (= 0.6.1)
    - Yoga
  - React-CoreModules (0.72.4):
    - RCT-Folly (= 2021.07.22.00)
    - RCTTypeSafety (= 0.72.4)
    - React-Codegen (= 0.72.4)
    - React-Core/CoreModulesHeaders (= 0.72.4)
    - React-jsi (= 0.72.4)
    - React-RCTBlob
    - React-RCTImage (= 0.72.4)
    - ReactCommon/turbomodule/core (= 0.72.4)
    - SocketRocket (= 0.6.1)
  - React-cxxreact (0.72.4):
    - boost (= 1.76.0)
    - DoubleConversion
    - glog
    - RCT-Folly (= 2021.07.22.00)
    - React-callinvoker (= 0.72.4)
    - React-debug (= 0.72.4)
    - React-jsi (= 0.72.4)
    - React-jsinspector (= 0.72.4)
    - React-logger (= 0.72.4)
    - React-perflogger (= 0.72.4)
    - React-runtimeexecutor (= 0.72.4)
  - React-debug (0.72.4)
  - React-jsc (0.72.4):
    - React-jsc/Fabric (= 0.72.4)
    - React-jsi (= 0.72.4)
  - React-jsc/Fabric (0.72.4):
    - React-jsi (= 0.72.4)
  - React-jsi (0.72.4):
    - boost (= 1.76.0)
    - DoubleConversion
    - glog
    - RCT-Folly (= 2021.07.22.00)
  - React-jsiexecutor (0.72.4):
    - DoubleConversion
    - glog
    - RCT-Folly (= 2021.07.22.00)
    - React-cxxreact (= 0.72.4)
    - React-jsi (= 0.72.4)
    - React-perflogger (= 0.72.4)
  - React-jsinspector (0.72.4)
  - React-logger (0.72.4):
    - glog
  - react-native-blob-util (0.19.1):
    - React-Core
  - react-native-config (1.4.12):
    - react-native-config/App (= 1.4.12)
  - react-native-config/App (1.4.12):
    - React-Core
  - react-native-contacts (7.0.5):
    - React-Core
  - react-native-date-picker (4.3.5):
    - React-Core
  - react-native-geolocation-service (5.3.1):
    - React
  - react-native-google-maps (1.7.1):
    - Google-Maps-iOS-Utils (= 4.1.0)
    - GoogleMaps (= 7.4.0)
    - React-Core
  - react-native-maps (1.7.1):
    - React-Core
  - react-native-pager-view (6.1.2):
    - React-Core
  - react-native-safe-area-context (3.4.1):
    - React-Core
  - react-native-webview (11.26.1):
    - React-Core
  - React-NativeModulesApple (0.72.4):
    - React-callinvoker
    - React-Core
    - React-cxxreact
    - React-jsi
    - React-runtimeexecutor
    - ReactCommon/turbomodule/bridging
    - ReactCommon/turbomodule/core
  - React-perflogger (0.72.4)
  - React-RCTActionSheet (0.72.4):
    - React-Core/RCTActionSheetHeaders (= 0.72.4)
  - React-RCTAnimation (0.72.4):
    - RCT-Folly (= 2021.07.22.00)
    - RCTTypeSafety (= 0.72.4)
    - React-Codegen (= 0.72.4)
    - React-Core/RCTAnimationHeaders (= 0.72.4)
    - React-jsi (= 0.72.4)
    - ReactCommon/turbomodule/core (= 0.72.4)
  - React-RCTAppDelegate (0.72.4):
    - RCT-Folly
    - RCTRequired
    - RCTTypeSafety
    - React-Core
    - React-CoreModules
    - React-jsc
    - React-NativeModulesApple
    - React-RCTImage
    - React-RCTNetwork
    - React-runtimescheduler
    - ReactCommon/turbomodule/core
  - React-RCTBlob (0.72.4):
    - RCT-Folly (= 2021.07.22.00)
    - React-Codegen (= 0.72.4)
    - React-Core/RCTBlobHeaders (= 0.72.4)
    - React-Core/RCTWebSocket (= 0.72.4)
    - React-jsi (= 0.72.4)
    - React-RCTNetwork (= 0.72.4)
    - ReactCommon/turbomodule/core (= 0.72.4)
  - React-RCTImage (0.72.4):
    - RCT-Folly (= 2021.07.22.00)
    - RCTTypeSafety (= 0.72.4)
    - React-Codegen (= 0.72.4)
    - React-Core/RCTImageHeaders (= 0.72.4)
    - React-jsi (= 0.72.4)
    - React-RCTNetwork (= 0.72.4)
    - ReactCommon/turbomodule/core (= 0.72.4)
  - React-RCTLinking (0.72.4):
    - React-Codegen (= 0.72.4)
    - React-Core/RCTLinkingHeaders (= 0.72.4)
    - React-jsi (= 0.72.4)
    - ReactCommon/turbomodule/core (= 0.72.4)
  - React-RCTNetwork (0.72.4):
    - RCT-Folly (= 2021.07.22.00)
    - RCTTypeSafety (= 0.72.4)
    - React-Codegen (= 0.72.4)
    - React-Core/RCTNetworkHeaders (= 0.72.4)
    - React-jsi (= 0.72.4)
    - ReactCommon/turbomodule/core (= 0.72.4)
  - React-RCTSettings (0.72.4):
    - RCT-Folly (= 2021.07.22.00)
    - RCTTypeSafety (= 0.72.4)
    - React-Codegen (= 0.72.4)
    - React-Core/RCTSettingsHeaders (= 0.72.4)
    - React-jsi (= 0.72.4)
    - ReactCommon/turbomodule/core (= 0.72.4)
  - React-RCTText (0.72.4):
    - React-Core/RCTTextHeaders (= 0.72.4)
  - React-RCTVibration (0.72.4):
    - RCT-Folly (= 2021.07.22.00)
    - React-Codegen (= 0.72.4)
    - React-Core/RCTVibrationHeaders (= 0.72.4)
    - React-jsi (= 0.72.4)
    - ReactCommon/turbomodule/core (= 0.72.4)
  - React-rncore (0.72.4)
  - React-runtimeexecutor (0.72.4):
    - React-jsi (= 0.72.4)
  - React-runtimescheduler (0.72.4):
    - glog
    - RCT-Folly (= 2021.07.22.00)
    - React-callinvoker
    - React-debug
    - React-jsi
    - React-runtimeexecutor
  - React-utils (0.72.4):
    - glog
    - RCT-Folly (= 2021.07.22.00)
    - React-debug
  - ReactCommon/turbomodule/bridging (0.72.4):
    - DoubleConversion
    - glog
    - RCT-Folly (= 2021.07.22.00)
    - React-callinvoker (= 0.72.4)
    - React-cxxreact (= 0.72.4)
    - React-jsi (= 0.72.4)
    - React-logger (= 0.72.4)
    - React-perflogger (= 0.72.4)
  - ReactCommon/turbomodule/core (0.72.4):
    - DoubleConversion
    - glog
    - RCT-Folly (= 2021.07.22.00)
    - React-callinvoker (= 0.72.4)
    - React-cxxreact (= 0.72.4)
    - React-jsi (= 0.72.4)
    - React-logger (= 0.72.4)
    - React-perflogger (= 0.72.4)
  - RNAppleAuthentication (2.2.2):
    - React-Core
  - RNBackgroundFetch (4.1.7):
    - React-Core
  - RNBootSplash (4.7.5):
    - React-Core
  - RNCAsyncStorage (1.19.2):
    - React-Core
  - RNCMaskedView (0.2.8):
    - React-Core
  - RNCPicker (2.4.8):
    - React-Core
  - RNDeviceInfo (10.3.0):
    - React-Core
  - RNFBAnalytics (18.0.0):
    - Firebase/Analytics (= 10.10.0)
    - React-Core
    - RNFBApp
  - RNFBApp (18.0.0):
    - Firebase/CoreOnly (= 10.10.0)
    - React-Core
  - RNFBAuth (18.0.0):
    - Firebase/Auth (= 10.10.0)
    - React-Core
    - RNFBApp
  - RNFBCrashlytics (18.0.0):
    - Firebase/Crashlytics (= 10.10.0)
    - FirebaseCoreExtension (= 10.10.0)
    - React-Core
    - RNFBApp
  - RNFBMessaging (18.0.0):
    - Firebase/Messaging (= 10.10.0)
    - FirebaseCoreExtension (= 10.10.0)
    - React-Core
    - RNFBApp
  - RNGestureHandler (2.9.0):
    - React-Core
  - RNGoogleSignin (10.0.1):
    - GoogleSignIn (~> 7.0)
    - React-Core
  - RNImageCropPicker (0.39.0):
    - React-Core
    - React-RCTImage
    - RNImageCropPicker/QBImagePickerController (= 0.39.0)
    - TOCropViewController
  - RNImageCropPicker/QBImagePickerController (0.39.0):
    - React-Core
    - React-RCTImage
    - TOCropViewController
  - RNNotifee (7.7.1):
    - React-Core
    - RNNotifee/NotifeeCore (= 7.7.1)
  - RNNotifee/NotifeeCore (7.7.1):
    - React-Core
  - RNPermissions (3.8.0):
    - React-Core
  - RNReactNativeHapticFeedback (1.14.0):
    - React-Core
  - RNReanimated (3.4.2):
    - DoubleConversion
    - FBLazyVector
    - glog
    - RCT-Folly
    - RCTRequired
    - RCTTypeSafety
    - React-callinvoker
    - React-Core
    - React-Core/DevSupport
    - React-Core/RCTWebSocket
    - React-CoreModules
    - React-cxxreact
    - React-jsi
    - React-jsiexecutor
    - React-jsinspector
    - React-RCTActionSheet
    - React-RCTAnimation
    - React-RCTAppDelegate
    - React-RCTBlob
    - React-RCTImage
    - React-RCTLinking
    - React-RCTNetwork
    - React-RCTSettings
    - React-RCTText
    - ReactCommon/turbomodule/core
    - Yoga
  - RNScreens (3.18.2):
    - React-Core
    - React-RCTImage
  - RNSVG (12.5.0):
    - React-Core
  - RNVectorIcons (9.2.0):
    - React-Core
  - SocketRocket (0.6.1)
  - TOCropViewController (2.6.1)
  - Yoga (1.14.0)
  - YogaKit (1.18.1):
    - Yoga (~> 1.14)

DEPENDENCIES:
  - boost (from `../node_modules/react-native/third-party-podspecs/boost.podspec`)
  - BVLinearGradient (from `../node_modules/react-native-linear-gradient`)
  - DoubleConversion (from `../node_modules/react-native/third-party-podspecs/DoubleConversion.podspec`)
  - FBLazyVector (from `../node_modules/react-native/Libraries/FBLazyVector`)
  - FBReactNativeSpec (from `../node_modules/react-native/React/FBReactNativeSpec`)
  - Firebase
  - Firebase/Analytics
  - Firebase/Auth
  - FirebaseCore
  - FirebaseCoreExtension
  - FirebaseInstallations
  - Flipper (= 0.182.0)
  - Flipper-Boost-iOSX (= 1.76.0.1.11)
  - Flipper-DoubleConversion (= 3.2.0.1)
  - Flipper-Fmt (= 7.1.7)
  - Flipper-Folly (= 2.6.10)
  - Flipper-Glog (= 0.5.0.5)
  - Flipper-PeerTalk (= 0.0.4)
  - FlipperKit (= 0.182.0)
  - FlipperKit/Core (= 0.182.0)
  - FlipperKit/CppBridge (= 0.182.0)
  - FlipperKit/FBCxxFollyDynamicConvert (= 0.182.0)
  - FlipperKit/FBDefines (= 0.182.0)
  - FlipperKit/FKPortForwarding (= 0.182.0)
  - FlipperKit/FlipperKitHighlightOverlay (= 0.182.0)
  - FlipperKit/FlipperKitLayoutPlugin (= 0.182.0)
  - FlipperKit/FlipperKitLayoutTextSearchable (= 0.182.0)
  - FlipperKit/FlipperKitNetworkPlugin (= 0.182.0)
  - FlipperKit/FlipperKitReactPlugin (= 0.182.0)
  - FlipperKit/FlipperKitUserDefaultsPlugin (= 0.182.0)
  - FlipperKit/SKIOSNetworkPlugin (= 0.182.0)
  - glog (from `../node_modules/react-native/third-party-podspecs/glog.podspec`)
  - Google-Maps-iOS-Utils (from `https://github.com/Simon-TechForm/google-maps-ios-utils.git`, branch `feat/support-apple-silicon`)
  - GoogleDataTransport
  - GoogleMaps
  - GoogleSignIn (~> 7.0)
  - GoogleUtilities
  - "logrocket-react-native (from `../node_modules/@logrocket/react-native`)"
  - lottie-ios (from `../node_modules/lottie-ios`)
  - lottie-react-native (from `../node_modules/lottie-react-native`)
  - nanopb
  - OpenSSL-Universal (= 1.1.1100)
  - Permission-Camera (from `../node_modules/react-native-permissions/ios/Camera`)
  - Permission-LocationAccuracy (from `../node_modules/react-native-permissions/ios/LocationAccuracy`)
  - Permission-LocationAlways (from `../node_modules/react-native-permissions/ios/LocationAlways`)
  - Permission-LocationWhenInUse (from `../node_modules/react-native-permissions/ios/LocationWhenInUse`)
  - Permission-MediaLibrary (from `../node_modules/react-native-permissions/ios/MediaLibrary`)
  - Permission-Microphone (from `../node_modules/react-native-permissions/ios/Microphone`)
  - Permission-Notifications (from `../node_modules/react-native-permissions/ios/Notifications`)
  - Permission-PhotoLibrary (from `../node_modules/react-native-permissions/ios/PhotoLibrary`)
  - RCT-Folly (from `../node_modules/react-native/third-party-podspecs/RCT-Folly.podspec`)
  - RCTRequired (from `../node_modules/react-native/Libraries/RCTRequired`)
  - RCTTypeSafety (from `../node_modules/react-native/Libraries/TypeSafety`)
  - React (from `../node_modules/react-native/`)
  - React-callinvoker (from `../node_modules/react-native/ReactCommon/callinvoker`)
  - React-Codegen (from `build/generated/ios`)
  - React-Core (from `../node_modules/react-native/`)
  - React-Core/DevSupport (from `../node_modules/react-native/`)
  - React-Core/RCTWebSocket (from `../node_modules/react-native/`)
  - React-CoreModules (from `../node_modules/react-native/React/CoreModules`)
  - React-cxxreact (from `../node_modules/react-native/ReactCommon/cxxreact`)
  - React-debug (from `../node_modules/react-native/ReactCommon/react/debug`)
  - React-jsc (from `../node_modules/react-native/ReactCommon/jsc`)
  - React-jsi (from `../node_modules/react-native/ReactCommon/jsi`)
  - React-jsiexecutor (from `../node_modules/react-native/ReactCommon/jsiexecutor`)
  - React-jsinspector (from `../node_modules/react-native/ReactCommon/jsinspector`)
  - React-logger (from `../node_modules/react-native/ReactCommon/logger`)
  - react-native-blob-util (from `../node_modules/react-native-blob-util`)
  - react-native-config (from `../node_modules/react-native-config`)
  - react-native-contacts (from `../node_modules/react-native-contacts`)
  - react-native-date-picker (from `../node_modules/react-native-date-picker`)
  - react-native-geolocation-service (from `../node_modules/react-native-geolocation-service`)
  - react-native-google-maps (from `../node_modules/react-native-maps`)
  - react-native-maps (from `../node_modules/react-native-maps`)
  - react-native-pager-view (from `../node_modules/react-native-pager-view`)
  - react-native-safe-area-context (from `../node_modules/react-native-safe-area-context`)
  - react-native-webview (from `../node_modules/react-native-webview`)
  - React-NativeModulesApple (from `../node_modules/react-native/ReactCommon/react/nativemodule/core/platform/ios`)
  - React-perflogger (from `../node_modules/react-native/ReactCommon/reactperflogger`)
  - React-RCTActionSheet (from `../node_modules/react-native/Libraries/ActionSheetIOS`)
  - React-RCTAnimation (from `../node_modules/react-native/Libraries/NativeAnimation`)
  - React-RCTAppDelegate (from `../node_modules/react-native/Libraries/AppDelegate`)
  - React-RCTBlob (from `../node_modules/react-native/Libraries/Blob`)
  - React-RCTImage (from `../node_modules/react-native/Libraries/Image`)
  - React-RCTLinking (from `../node_modules/react-native/Libraries/LinkingIOS`)
  - React-RCTNetwork (from `../node_modules/react-native/Libraries/Network`)
  - React-RCTSettings (from `../node_modules/react-native/Libraries/Settings`)
  - React-RCTText (from `../node_modules/react-native/Libraries/Text`)
  - React-RCTVibration (from `../node_modules/react-native/Libraries/Vibration`)
  - React-rncore (from `../node_modules/react-native/ReactCommon`)
  - React-runtimeexecutor (from `../node_modules/react-native/ReactCommon/runtimeexecutor`)
  - React-runtimescheduler (from `../node_modules/react-native/ReactCommon/react/renderer/runtimescheduler`)
  - React-utils (from `../node_modules/react-native/ReactCommon/react/utils`)
  - ReactCommon/turbomodule/core (from `../node_modules/react-native/ReactCommon`)
  - "RNAppleAuthentication (from `../node_modules/@invertase/react-native-apple-authentication`)"
  - RNBackgroundFetch (from `../node_modules/react-native-background-fetch`)
  - RNBootSplash (from `../node_modules/react-native-bootsplash`)
  - "RNCAsyncStorage (from `../node_modules/@react-native-async-storage/async-storage`)"
  - "RNCMaskedView (from `../node_modules/@react-native-masked-view/masked-view`)"
  - "RNCPicker (from `../node_modules/@react-native-picker/picker`)"
  - RNDeviceInfo (from `../node_modules/react-native-device-info`)
  - "RNFBAnalytics (from `../node_modules/@react-native-firebase/analytics`)"
  - "RNFBApp (from `../node_modules/@react-native-firebase/app`)"
  - "RNFBAuth (from `../node_modules/@react-native-firebase/auth`)"
  - "RNFBCrashlytics (from `../node_modules/@react-native-firebase/crashlytics`)"
  - "RNFBMessaging (from `../node_modules/@react-native-firebase/messaging`)"
  - RNGestureHandler (from `../node_modules/react-native-gesture-handler`)
  - "RNGoogleSignin (from `../node_modules/@react-native-google-signin/google-signin`)"
  - RNImageCropPicker (from `../node_modules/react-native-image-crop-picker`)
  - "RNNotifee (from `../node_modules/@notifee/react-native`)"
  - RNPermissions (from `../node_modules/react-native-permissions`)
  - RNReactNativeHapticFeedback (from `../node_modules/react-native-haptic-feedback`)
  - RNReanimated (from `../node_modules/react-native-reanimated`)
  - RNScreens (from `../node_modules/react-native-screens`)
  - RNSVG (from `../node_modules/react-native-svg`)
  - RNVectorIcons (from `../node_modules/react-native-vector-icons`)
  - Yoga (from `../node_modules/react-native/ReactCommon/yoga`)

SPEC REPOS:
  trunk:
    - AppAuth
    - CocoaAsyncSocket
    - Firebase
    - FirebaseAnalytics
    - FirebaseAppCheckInterop
    - FirebaseAuth
    - FirebaseCore
    - FirebaseCoreExtension
    - FirebaseCoreInternal
    - FirebaseCrashlytics
    - FirebaseInstallations
    - FirebaseMessaging
    - FirebaseSessions
    - Flipper
    - Flipper-Boost-iOSX
    - Flipper-DoubleConversion
    - Flipper-Fmt
    - Flipper-Folly
    - Flipper-Glog
    - Flipper-PeerTalk
    - FlipperKit
    - fmt
    - GoogleAppMeasurement
    - GoogleDataTransport
    - GoogleMaps
    - GoogleSignIn
    - GoogleUtilities
    - GTMAppAuth
    - GTMSessionFetcher
    - libevent
    - LogRocket
    - nanopb
    - OpenSSL-Universal
    - PromisesObjC
    - PromisesSwift
    - SocketRocket
    - TOCropViewController
    - YogaKit

EXTERNAL SOURCES:
  boost:
    :podspec: "../node_modules/react-native/third-party-podspecs/boost.podspec"
  BVLinearGradient:
    :path: "../node_modules/react-native-linear-gradient"
  DoubleConversion:
    :podspec: "../node_modules/react-native/third-party-podspecs/DoubleConversion.podspec"
  FBLazyVector:
    :path: "../node_modules/react-native/Libraries/FBLazyVector"
  FBReactNativeSpec:
    :path: "../node_modules/react-native/React/FBReactNativeSpec"
  glog:
    :podspec: "../node_modules/react-native/third-party-podspecs/glog.podspec"
  Google-Maps-iOS-Utils:
    :branch: feat/support-apple-silicon
    :git: https://github.com/Simon-TechForm/google-maps-ios-utils.git
  logrocket-react-native:
    :path: "../node_modules/@logrocket/react-native"
  lottie-ios:
    :path: "../node_modules/lottie-ios"
  lottie-react-native:
    :path: "../node_modules/lottie-react-native"
  Permission-Camera:
    :path: "../node_modules/react-native-permissions/ios/Camera"
  Permission-LocationAccuracy:
    :path: "../node_modules/react-native-permissions/ios/LocationAccuracy"
  Permission-LocationAlways:
    :path: "../node_modules/react-native-permissions/ios/LocationAlways"
  Permission-LocationWhenInUse:
    :path: "../node_modules/react-native-permissions/ios/LocationWhenInUse"
  Permission-MediaLibrary:
    :path: "../node_modules/react-native-permissions/ios/MediaLibrary"
  Permission-Microphone:
    :path: "../node_modules/react-native-permissions/ios/Microphone"
  Permission-Notifications:
    :path: "../node_modules/react-native-permissions/ios/Notifications"
  Permission-PhotoLibrary:
    :path: "../node_modules/react-native-permissions/ios/PhotoLibrary"
  RCT-Folly:
    :podspec: "../node_modules/react-native/third-party-podspecs/RCT-Folly.podspec"
  RCTRequired:
    :path: "../node_modules/react-native/Libraries/RCTRequired"
  RCTTypeSafety:
    :path: "../node_modules/react-native/Libraries/TypeSafety"
  React:
    :path: "../node_modules/react-native/"
  React-callinvoker:
    :path: "../node_modules/react-native/ReactCommon/callinvoker"
  React-Codegen:
    :path: build/generated/ios
  React-Core:
    :path: "../node_modules/react-native/"
  React-CoreModules:
    :path: "../node_modules/react-native/React/CoreModules"
  React-cxxreact:
    :path: "../node_modules/react-native/ReactCommon/cxxreact"
  React-debug:
    :path: "../node_modules/react-native/ReactCommon/react/debug"
  React-jsc:
    :path: "../node_modules/react-native/ReactCommon/jsc"
  React-jsi:
    :path: "../node_modules/react-native/ReactCommon/jsi"
  React-jsiexecutor:
    :path: "../node_modules/react-native/ReactCommon/jsiexecutor"
  React-jsinspector:
    :path: "../node_modules/react-native/ReactCommon/jsinspector"
  React-logger:
    :path: "../node_modules/react-native/ReactCommon/logger"
  react-native-blob-util:
    :path: "../node_modules/react-native-blob-util"
  react-native-config:
    :path: "../node_modules/react-native-config"
  react-native-contacts:
    :path: "../node_modules/react-native-contacts"
  react-native-date-picker:
    :path: "../node_modules/react-native-date-picker"
  react-native-geolocation-service:
    :path: "../node_modules/react-native-geolocation-service"
  react-native-google-maps:
    :path: "../node_modules/react-native-maps"
  react-native-maps:
    :path: "../node_modules/react-native-maps"
  react-native-pager-view:
    :path: "../node_modules/react-native-pager-view"
  react-native-safe-area-context:
    :path: "../node_modules/react-native-safe-area-context"
  react-native-webview:
    :path: "../node_modules/react-native-webview"
  React-NativeModulesApple:
    :path: "../node_modules/react-native/ReactCommon/react/nativemodule/core/platform/ios"
  React-perflogger:
    :path: "../node_modules/react-native/ReactCommon/reactperflogger"
  React-RCTActionSheet:
    :path: "../node_modules/react-native/Libraries/ActionSheetIOS"
  React-RCTAnimation:
    :path: "../node_modules/react-native/Libraries/NativeAnimation"
  React-RCTAppDelegate:
    :path: "../node_modules/react-native/Libraries/AppDelegate"
  React-RCTBlob:
    :path: "../node_modules/react-native/Libraries/Blob"
  React-RCTImage:
    :path: "../node_modules/react-native/Libraries/Image"
  React-RCTLinking:
    :path: "../node_modules/react-native/Libraries/LinkingIOS"
  React-RCTNetwork:
    :path: "../node_modules/react-native/Libraries/Network"
  React-RCTSettings:
    :path: "../node_modules/react-native/Libraries/Settings"
  React-RCTText:
    :path: "../node_modules/react-native/Libraries/Text"
  React-RCTVibration:
    :path: "../node_modules/react-native/Libraries/Vibration"
  React-rncore:
    :path: "../node_modules/react-native/ReactCommon"
  React-runtimeexecutor:
    :path: "../node_modules/react-native/ReactCommon/runtimeexecutor"
  React-runtimescheduler:
    :path: "../node_modules/react-native/ReactCommon/react/renderer/runtimescheduler"
  React-utils:
    :path: "../node_modules/react-native/ReactCommon/react/utils"
  ReactCommon:
    :path: "../node_modules/react-native/ReactCommon"
  RNAppleAuthentication:
    :path: "../node_modules/@invertase/react-native-apple-authentication"
  RNBackgroundFetch:
    :path: "../node_modules/react-native-background-fetch"
  RNBootSplash:
    :path: "../node_modules/react-native-bootsplash"
  RNCAsyncStorage:
    :path: "../node_modules/@react-native-async-storage/async-storage"
  RNCMaskedView:
    :path: "../node_modules/@react-native-masked-view/masked-view"
  RNCPicker:
    :path: "../node_modules/@react-native-picker/picker"
  RNDeviceInfo:
    :path: "../node_modules/react-native-device-info"
  RNFBAnalytics:
    :path: "../node_modules/@react-native-firebase/analytics"
  RNFBApp:
    :path: "../node_modules/@react-native-firebase/app"
  RNFBAuth:
    :path: "../node_modules/@react-native-firebase/auth"
  RNFBCrashlytics:
    :path: "../node_modules/@react-native-firebase/crashlytics"
  RNFBMessaging:
    :path: "../node_modules/@react-native-firebase/messaging"
  RNGestureHandler:
    :path: "../node_modules/react-native-gesture-handler"
  RNGoogleSignin:
    :path: "../node_modules/@react-native-google-signin/google-signin"
  RNImageCropPicker:
    :path: "../node_modules/react-native-image-crop-picker"
  RNNotifee:
    :path: "../node_modules/@notifee/react-native"
  RNPermissions:
    :path: "../node_modules/react-native-permissions"
  RNReactNativeHapticFeedback:
    :path: "../node_modules/react-native-haptic-feedback"
  RNReanimated:
    :path: "../node_modules/react-native-reanimated"
  RNScreens:
    :path: "../node_modules/react-native-screens"
  RNSVG:
    :path: "../node_modules/react-native-svg"
  RNVectorIcons:
    :path: "../node_modules/react-native-vector-icons"
  Yoga:
    :path: "../node_modules/react-native/ReactCommon/yoga"

CHECKOUT OPTIONS:
  Google-Maps-iOS-Utils:
    :commit: 35d05d1eeb65682c1b271f4f3760d814fd946aa1
    :git: https://github.com/Simon-TechForm/google-maps-ios-utils.git

SPEC CHECKSUMS:
  AppAuth: 3bb1d1cd9340bd09f5ed189fb00b1cc28e1e8570
  boost: 57d2868c099736d80fcd648bf211b4431e51a558
  BVLinearGradient: 34a999fda29036898a09c6a6b728b0b4189e1a44
  CocoaAsyncSocket: 065fd1e645c7abab64f7a6a2007a48038fdc6a99
  DoubleConversion: 5189b271737e1565bdce30deb4a08d647e3f5f54
  FBLazyVector: 5d4a3b7f411219a45a6d952f77d2c0a6c9989da5
  FBReactNativeSpec: 3fc2d478e1c4b08276f9dd9128f80ec6d5d85c1f
  Firebase: facd334e557a979bd03a0b58d90fd56b52b8aba0
  FirebaseAnalytics: 7bc7de519111dae802f5bc0c9c083918f8b8870d
  FirebaseAppCheckInterop: e81bdb1cdb82f8e0cef353ba5018a8402682032c
  FirebaseAuth: 5ddbe23ebc4e647469261f5c59cd12a04f37c8e6
  FirebaseCore: d027ff503d37edb78db98429b11f580a24a7df2a
  FirebaseCoreExtension: 8d93ebbf6838a874b4ed82a564c9d6705f8365dd
  FirebaseCoreInternal: efeeb171ac02d623bdaefe121539939821e10811
  FirebaseCrashlytics: bc8f3bed7f4d04be79d87391455efb4c9b163131
  FirebaseInstallations: 558b1da7d65afeb996fd5c814332f013234ece4e
  FirebaseMessaging: 8a3b9a8b98ce72a42d22e69865cf662e38d2d6f5
  FirebaseSessions: 2f348975f6d1c139231c180e12194161da2e0cd6
  Flipper: 6edb735e6c3e332975d1b17956bcc584eccf5818
  Flipper-Boost-iOSX: fd1e2b8cbef7e662a122412d7ac5f5bea715403c
  Flipper-DoubleConversion: 2dc99b02f658daf147069aad9dbd29d8feb06d30
  Flipper-Fmt: 60cbdd92fc254826e61d669a5d87ef7015396a9b
  Flipper-Folly: 584845625005ff068a6ebf41f857f468decd26b3
  Flipper-Glog: 70c50ce58ddaf67dc35180db05f191692570f446
  Flipper-PeerTalk: 116d8f857dc6ef55c7a5a75ea3ceaafe878aadc9
  FlipperKit: 2efad7007d6745a3f95e4034d547be637f89d3f6
  fmt: ff9d55029c625d3757ed641535fd4a75fedc7ce9
  glog: 04b94705f318337d7ead9e6d17c019bd9b1f6b1b
  Google-Maps-iOS-Utils: d3fdfd57db799771418f06189e33981597553aa8
  GoogleAppMeasurement: bbbfd4bcb2b40ae9b772c3b0823a58c1e3d618f9
  GoogleDataTransport: 57c22343ab29bc686febbf7cbb13bad167c2d8fe
  GoogleMaps: 032f676450ba0779bd8ce16840690915f84e57ac
  GoogleSignIn: b232380cf495a429b8095d3178a8d5855b42e842
  GoogleUtilities: 0759d1a57ebb953965c2dfe0ba4c82e95ccc2e34
  GTMAppAuth: 99fb010047ba3973b7026e45393f51f27ab965ae
  GTMSessionFetcher: 41b9ef0b4c08a6db4b7eb51a21ae5183ec99a2c8
  libevent: 4049cae6c81cdb3654a443be001fb9bdceff7913
  LogRocket: fcfbfb38ea3b6e17e529a511e8409f2543f71676
  logrocket-react-native: 7b3eccd7faccbee5909a83cddb6dc44dd326f8b5
  lottie-ios: 809ecf2d460ed650a6aed7aa88b2ec45fab4779c
  lottie-react-native: b04640d81bfc87915cd5c9058caa1112374691ff
  nanopb: d4d75c12cd1316f4a64e3c6963f879ecd4b5e0d5
  OpenSSL-Universal: ebc357f1e6bc71fa463ccb2fe676756aff50e88c
  Permission-Camera: e6d142d7d8b714afe0a83e5e6ae17eb949f1e3e9
  Permission-LocationAccuracy: d6aa5146c084e7077e7efc4cbb543c7f6c72c51a
  Permission-LocationAlways: e7ce67f3091ec096b6ac274bc30a18830a66b33c
  Permission-LocationWhenInUse: 1c80e4797ae587642a83125e80b86686cefeba53
  Permission-MediaLibrary: 6a5888dd77669b568716bea80c21340aaab74c51
  Permission-Microphone: 644b1de8bcc2afcaf934e09a22bee507a95796a7
  Permission-Notifications: aa91ec29236626ff59cb60e08389c0a59a9d32c5
  Permission-PhotoLibrary: 31787bbe77d0d3ae6a5267b8435e4a2e9ef78f1d
  PromisesObjC: c50d2056b5253dadbd6c2bea79b0674bd5a52fa4
  PromisesSwift: 28dca69a9c40779916ac2d6985a0192a5cb4a265
  RCT-Folly: 424b8c9a7a0b9ab2886ffe9c3b041ef628fd4fb1
  RCTRequired: c0569ecc035894e4a68baecb30fe6a7ea6e399f9
  RCTTypeSafety: e90354072c21236e0bcf1699011e39acd25fea2f
  React: a1be3c6dc0a6e949ccd3e659781aa47bbae1868f
  React-callinvoker: 1020b33f6cb1a1824f9ca2a86609fbce2a73c6ed
  React-Codegen: 97df9239bfc44a4504c4840dfae3a200e4500afe
  React-Core: 9df7960451a433053f30a5862728f92088a9150d
  React-CoreModules: 21abab85d7ad9038ce2b1c33d39e3baaf7dc9244
  React-cxxreact: 9f0bd765bbffbd2038936d1f0ba1c80ea7649e28
  React-debug: 17366a3d5c5d2f5fc04f09101a4af38cb42b54ae
  React-jsc: 844ccd35b8dbd105aa0430b658611a43f10ba8a5
  React-jsi: 8c012b3699d7427e96866dd3a539ca9611fa2546
  React-jsiexecutor: bc8a9ad812a2c88b3a41c08b5f4b3ed32d6d4766
  React-jsinspector: aaed4cf551c4a1c98092436518c2d267b13a673f
  React-logger: da1ebe05ae06eb6db4b162202faeafac4b435e77
  react-native-blob-util: af2dc91365bfde33f61389cbd0c692af9a4a97cb
  react-native-config: 5e3e0c7798522b1a0d7641f7ffa5363044e16397
  react-native-contacts: 0aa99963d8f29099d4725cd0d2f8b6ef5f0d9a2d
  react-native-date-picker: 90d1d60802a20085125657940b944f2bb4e5c113
  react-native-geolocation-service: 608e1da71a1ac31b4de64d9ef2815f697978c55b
  react-native-google-maps: dd12cdd86b8e3fedbbb671676aedaa2f656e2ccd
  react-native-maps: 667f9b975549c6fa9b1631bf859440f68ebd3b8f
  react-native-pager-view: 54bed894cecebe28cede54c01038d9d1e122de43
  react-native-safe-area-context: 9e40fb181dac02619414ba1294d6c2a807056ab9
  react-native-webview: 9f111dfbcfc826084d6c507f569e5e03342ee1c1
  React-NativeModulesApple: 759309419da76ef4c9f331968b840022ee2aa5b1
  React-perflogger: 496a1a3dc6737f964107cb3ddae7f9e265ddda58
  React-RCTActionSheet: 02904b932b50e680f4e26e7a686b33ebf7ef3c00
  React-RCTAnimation: 88feaf0a85648fb8fd497ce749829774910276d6
  React-RCTAppDelegate: b9e5fe0e4b71f30f3742225dc7085ae10681a1cd
  React-RCTBlob: 455b680e457c36f8d98f4338b51cd3cbf48744bd
  React-RCTImage: b111645ab901f8e59fc68fbe31f5731bdbeef087
  React-RCTLinking: 3d719727b4c098aad3588aa3559361ee0579f5de
  React-RCTNetwork: b44d3580be05d74556ba4efbf53570f17e38f734
  React-RCTSettings: c0c54b330442c29874cd4dae6e94190dc11a6f6f
  React-RCTText: 9b9f5589d9b649d7246c3f336e116496df28cfe6
  React-RCTVibration: 691c67f3beaf1d084ceed5eb5c1dddd9afa8591e
  React-rncore: 142268f6c92e296dc079aadda3fade778562f9e4
  React-runtimeexecutor: d465ba0c47ef3ed8281143f59605cacc2244d5c7
  React-runtimescheduler: cbd78e16328bde1e5abac4ceb0cb635d03c359c6
  React-utils: b79f2411931f9d3ea5781404dcbb2fa8a837e13a
  ReactCommon: 2635a013764a291989765d6ec136513911f478c6
  RNAppleAuthentication: 0571c08da8c327ae2afc0261b48b4a515b0286a6
  RNBackgroundFetch: 13fbe7b23d4a082eac8caa7b08c5bcbeabd92f79
  RNBootSplash: 85f6b879c080e958afdb4c62ee04497b05fd7552
  RNCAsyncStorage: f57e929cd7757f2cb3dd8186d123c09e8281a1ad
  RNCMaskedView: bc0170f389056201c82a55e242e5d90070e18e5a
  RNCPicker: 0bf8ef8f7800524f32d2bb2a8bcadd53eda0ecd1
  RNDeviceInfo: 4701f0bf2a06b34654745053db0ce4cb0c53ada7
  RNFBAnalytics: 525293b9845d27f00e6609b90bb4b76da8e4a292
  RNFBApp: 7da45c10070789f5e4337a5534139976e8d74e0a
  RNFBAuth: ac09be3e7b19c53b1e4b86a6d328f75705445178
  RNFBCrashlytics: 3617bd4eadb31d9f1c6730381f917f905bda0f8e
  RNFBMessaging: fd543fa2aa4688fac4e88b1ce54e39cac4339b32
  RNGestureHandler: 071d7a9ad81e8b83fe7663b303d132406a7d8f39
  RNGoogleSignin: ccaa4a81582cf713eea562c5dd9dc1961a715fd0
  RNImageCropPicker: 14fe1c29298fb4018f3186f455c475ab107da332
  RNNotifee: 05692d7bb42b6c718a3906aeb8431c48ff2e8097
  RNPermissions: 215c54462104b3925b412b0fb3c9c497b21c358b
  RNReactNativeHapticFeedback: 1e3efeca9628ff9876ee7cdd9edec1b336913f8c
  RNReanimated: f8379347f71248607d530a21e31e4140c5910c25
  RNScreens: 34cc502acf1b916c582c60003dc3089fa01dc66d
  RNSVG: 6adc5c52d2488a476248413064b7f2832e639057
  RNVectorIcons: fcc2f6cb32f5735b586e66d14103a74ce6ad61f8
  SocketRocket: f32cd54efbe0f095c4d7594881e52619cfe80b17
  TOCropViewController: edfd4f25713d56905ad1e0b9f5be3fbe0f59c863
  Yoga: 3efc43e0d48686ce2e8c60f99d4e6bd349aff981
  YogaKit: f782866e155069a2cca2517aafea43200b01fd5a

PODFILE CHECKSUM: 54a1055c38b43d84b22df5692b98df05003f6faa

COCOAPODS: 1.14.3
