{
  "name": "therr-public-library-utilities",
  "version": "1.0.0",
  "lockfileVersion": 1,
  "requires": true,
  "dependencies": {
    "autolinker": {
      "version": "3.14.2",
      "resolved": "https://registry.npmjs.org/autolinker/-/autolinker-3.14.2.tgz",
      "integrity": "sha512-VO66nXUCZFxTq7fVHAaiAkZNXRQ1l3IFi6D5P7DLoyIEAn2E8g7TWbyEgLlz1uW74LfWmu1A17IPWuPQyGuNVg==",
      "requires": {
        "tslib": "^1.9.3"
      }
    },
    "react-native-autolink": {
      "version": "3.0.0",
      "resolved": "https://registry.npmjs.org/react-native-autolink/-/react-native-autolink-3.0.0.tgz",
      "integrity": "sha512-Jos8ts0dLfxW16aFtN4DXujlQhUHLlyHU+1HyQwiSEkNmAqIpsfppycO/vwTnZA8BzpwA19brXUYO63xMcWAMw==",
      "requires": {
        "autolinker": "^3.11.1"
      }
    },
    "tslib": {
      "version": "1.14.1",
      "resolved": "https://registry.npmjs.org/tslib/-/tslib-1.14.1.tgz",
      "integrity": "sha512-Xni35NKzjgMrwevysHTCArtLDpPvye8zV/0E4EyYn43P7/7qvQwPh9BGkHewbMulVntbigmcT7rdX3BNo9wRJg=="
    }
  }
}
